// !$*UTF8*$!
{
	archiveVersion = 1;
	classes = {
	};
	objectVersion = 46;
	objects = {

/* Begin PBXBuildFile section */
		9A2B1C9819E7D9AC008E2646 /* main.swift in Sources */ = {isa = PBXBuildFile; fileRef = 9A2B1C9719E7D9AC008E2646 /* main.swift */; };
		9A2B1CC719EBD1D7008E2646 /* CodeGenerator.swift in Sources */ = {isa = PBXBuildFile; fileRef = 9A2B1CC619EBD1D7008E2646 /* CodeGenerator.swift */; };
/* End PBXBuildFile section */

/* Begin PBXContainerItemProxy section */
		9A5AB96A19F2388100B67080 /* PBXContainerItemProxy */ = {
			isa = PBXContainerItemProxy;
			containerPortal = 9A5AB96519F2388100B67080 /* Repository.xcodeproj */;
			proxyType = 2;
			remoteGlobalIDString = 9A5AB94919F2386700B67080;
			remoteInfo = Repository;
		};
		9A5AB96C19F2388100B67080 /* PBXContainerItemProxy */ = {
			isa = PBXContainerItemProxy;
			containerPortal = 9A5AB96519F2388100B67080 /* Repository.xcodeproj */;
			proxyType = 2;
			remoteGlobalIDString = 9A5AB95419F2386700B67080;
			remoteInfo = RepositoryTests;
		};
		9A8C96BB19F3811F005C99AD /* PBXContainerItemProxy */ = {
			isa = PBXContainerItemProxy;
			containerPortal = 9A5AB96519F2388100B67080 /* Repository.xcodeproj */;
			proxyType = 1;
			remoteGlobalIDString = 9A5AB94819F2386700B67080;
			remoteInfo = Repository;
		};
		9AB6EAA119F36F49000EFC99 /* PBXContainerItemProxy */ = {
			isa = PBXContainerItemProxy;
			containerPortal = 9AB6EA9C19F36F49000EFC99 /* Common.xcodeproj */;
			proxyType = 2;
			remoteGlobalIDString = 9AB6EA7719F36F23000EFC99;
			remoteInfo = Common;
		};
		9AB6EAA319F36F49000EFC99 /* PBXContainerItemProxy */ = {
			isa = PBXContainerItemProxy;
			containerPortal = 9AB6EA9C19F36F49000EFC99 /* Common.xcodeproj */;
			proxyType = 2;
			remoteGlobalIDString = 9AB6EA8219F36F23000EFC99;
			remoteInfo = CommonTests;
		};
/* End PBXContainerItemProxy section */

/* Begin PBXCopyFilesBuildPhase section */
		9A2B1C9219E7D9AC008E2646 /* CopyFiles */ = {
			isa = PBXCopyFilesBuildPhase;
			buildActionMask = 2147483647;
			dstPath = /usr/share/man/man1/;
			dstSubfolderSpec = 0;
			files = (
			);
			runOnlyForDeploymentPostprocessing = 1;
		};
/* End PBXCopyFilesBuildPhase section */

/* Begin PBXFileReference section */
		9A2B1C9419E7D9AC008E2646 /* Lexicographer */ = {isa = PBXFileReference; explicitFileType = "compiled.mach-o.executable"; includeInIndex = 0; path = Lexicographer; sourceTree = BUILT_PRODUCTS_DIR; };
		9A2B1C9719E7D9AC008E2646 /* main.swift */ = {isa = PBXFileReference; lastKnownFileType = sourcecode.swift; path = main.swift; sourceTree = "<group>"; };
		9A2B1CC619EBD1D7008E2646 /* CodeGenerator.swift */ = {isa = PBXFileReference; fileEncoding = 4; lastKnownFileType = sourcecode.swift; path = CodeGenerator.swift; sourceTree = "<group>"; };
		9A5AB96519F2388100B67080 /* Repository.xcodeproj */ = {isa = PBXFileReference; lastKnownFileType = "wrapper.pb-project"; name = Repository.xcodeproj; path = ../Repository/Repository.xcodeproj; sourceTree = "<group>"; };
		9AB6EA9C19F36F49000EFC99 /* Common.xcodeproj */ = {isa = PBXFileReference; lastKnownFileType = "wrapper.pb-project"; name = Common.xcodeproj; path = /Users/geh/Development/Fix/Repository/Repository/../../Common/Common.xcodeproj; sourceTree = "<absolute>"; };
/* End PBXFileReference section */

/* Begin PBXFrameworksBuildPhase section */
		9A2B1C9119E7D9AC008E2646 /* Frameworks */ = {
			isa = PBXFrameworksBuildPhase;
			buildActionMask = 2147483647;
			files = (
			);
			runOnlyForDeploymentPostprocessing = 0;
		};
/* End PBXFrameworksBuildPhase section */

/* Begin PBXGroup section */
		9A2B1C8B19E7D9AC008E2646 = {
			isa = PBXGroup;
			children = (
				9AB6EA9C19F36F49000EFC99 /* Common.xcodeproj */,
				9A5AB96519F2388100B67080 /* Repository.xcodeproj */,
				9A2B1C9619E7D9AC008E2646 /* Lexicographer */,
				9A2B1C9519E7D9AC008E2646 /* Products */,
			);
			sourceTree = "<group>";
		};
		9A2B1C9519E7D9AC008E2646 /* Products */ = {
			isa = PBXGroup;
			children = (
				9A2B1C9419E7D9AC008E2646 /* Lexicographer */,
			);
			name = Products;
			sourceTree = "<group>";
		};
		9A2B1C9619E7D9AC008E2646 /* Lexicographer */ = {
			isa = PBXGroup;
			children = (
				9A2B1C9719E7D9AC008E2646 /* main.swift */,
				9A2B1CC619EBD1D7008E2646 /* CodeGenerator.swift */,
			);
			path = Lexicographer;
			sourceTree = "<group>";
		};
		9A5AB96619F2388100B67080 /* Products */ = {
			isa = PBXGroup;
			children = (
				9A5AB96B19F2388100B67080 /* Repository.framework */,
				9A5AB96D19F2388100B67080 /* RepositoryTests.xctest */,
			);
			name = Products;
			sourceTree = "<group>";
		};
		9AB6EA9D19F36F49000EFC99 /* Products */ = {
			isa = PBXGroup;
			children = (
				9AB6EAA219F36F49000EFC99 /* Common.framework */,
				9AB6EAA419F36F49000EFC99 /* CommonTests.xctest */,
			);
			name = Products;
			sourceTree = "<group>";
		};
/* End PBXGroup section */

/* Begin PBXNativeTarget section */
		9A2B1C9319E7D9AC008E2646 /* Lexicographer */ = {
			isa = PBXNativeTarget;
			buildConfigurationList = 9A2B1C9B19E7D9AC008E2646 /* Build configuration list for PBXNativeTarget "Lexicographer" */;
			buildPhases = (
				9A2B1C9019E7D9AC008E2646 /* Sources */,
				9A2B1C9119E7D9AC008E2646 /* Frameworks */,
				9A2B1C9219E7D9AC008E2646 /* CopyFiles */,
			);
			buildRules = (
			);
			dependencies = (
				9A8C96BC19F3811F005C99AD /* PBXTargetDependency */,
			);
			name = Lexicographer;
			productName = Lexicographer;
			productReference = 9A2B1C9419E7D9AC008E2646 /* Lexicographer */;
			productType = "com.apple.product-type.tool";
		};
/* End PBXNativeTarget section */

/* Begin PBXProject section */
		9A2B1C8C19E7D9AC008E2646 /* Project object */ = {
			isa = PBXProject;
			attributes = {
				LastUpgradeCheck = 0900;
				ORGANIZATIONNAME = "Gary Hughes";
				TargetAttributes = {
					9A2B1C9319E7D9AC008E2646 = {
						CreatedOnToolsVersion = 6.1;
						LastSwiftMigration = 0900;
					};
				};
			};
			buildConfigurationList = 9A2B1C8F19E7D9AC008E2646 /* Build configuration list for PBXProject "Lexicographer" */;
			compatibilityVersion = "Xcode 3.2";
			developmentRegion = English;
			hasScannedForEncodings = 0;
			knownRegions = (
				en,
			);
			mainGroup = 9A2B1C8B19E7D9AC008E2646;
			productRefGroup = 9A2B1C9519E7D9AC008E2646 /* Products */;
			projectDirPath = "";
			projectReferences = (
				{
					ProductGroup = 9AB6EA9D19F36F49000EFC99 /* Products */;
					ProjectRef = 9AB6EA9C19F36F49000EFC99 /* Common.xcodeproj */;
				},
				{
					ProductGroup = 9A5AB96619F2388100B67080 /* Products */;
					ProjectRef = 9A5AB96519F2388100B67080 /* Repository.xcodeproj */;
				},
			);
			projectRoot = "";
			targets = (
				9A2B1C9319E7D9AC008E2646 /* Lexicographer */,
			);
		};
/* End PBXProject section */

/* Begin PBXReferenceProxy section */
		9A5AB96B19F2388100B67080 /* Repository.framework */ = {
			isa = PBXReferenceProxy;
			fileType = wrapper.framework;
			path = Repository.framework;
			remoteRef = 9A5AB96A19F2388100B67080 /* PBXContainerItemProxy */;
			sourceTree = BUILT_PRODUCTS_DIR;
		};
		9A5AB96D19F2388100B67080 /* RepositoryTests.xctest */ = {
			isa = PBXReferenceProxy;
			fileType = wrapper.cfbundle;
			path = RepositoryTests.xctest;
			remoteRef = 9A5AB96C19F2388100B67080 /* PBXContainerItemProxy */;
			sourceTree = BUILT_PRODUCTS_DIR;
		};
		9AB6EAA219F36F49000EFC99 /* Common.framework */ = {
			isa = PBXReferenceProxy;
			fileType = wrapper.framework;
			path = Common.framework;
			remoteRef = 9AB6EAA119F36F49000EFC99 /* PBXContainerItemProxy */;
			sourceTree = BUILT_PRODUCTS_DIR;
		};
		9AB6EAA419F36F49000EFC99 /* CommonTests.xctest */ = {
			isa = PBXReferenceProxy;
			fileType = wrapper.cfbundle;
			path = CommonTests.xctest;
			remoteRef = 9AB6EAA319F36F49000EFC99 /* PBXContainerItemProxy */;
			sourceTree = BUILT_PRODUCTS_DIR;
		};
/* End PBXReferenceProxy section */

/* Begin PBXSourcesBuildPhase section */
		9A2B1C9019E7D9AC008E2646 /* Sources */ = {
			isa = PBXSourcesBuildPhase;
			buildActionMask = 2147483647;
			files = (
				9A2B1CC719EBD1D7008E2646 /* CodeGenerator.swift in Sources */,
				9A2B1C9819E7D9AC008E2646 /* main.swift in Sources */,
			);
			runOnlyForDeploymentPostprocessing = 0;
		};
/* End PBXSourcesBuildPhase section */

/* Begin PBXTargetDependency section */
		9A8C96BC19F3811F005C99AD /* PBXTargetDependency */ = {
			isa = PBXTargetDependency;
			name = Repository;
			targetProxy = 9A8C96BB19F3811F005C99AD /* PBXContainerItemProxy */;
		};
/* End PBXTargetDependency section */

/* Begin XCBuildConfiguration section */
		9A2B1C9919E7D9AC008E2646 /* Debug */ = {
			isa = XCBuildConfiguration;
			buildSettings = {
				ALWAYS_SEARCH_USER_PATHS = NO;
				CLANG_CXX_LANGUAGE_STANDARD = "gnu++0x";
				CLANG_CXX_LIBRARY = "libc++";
				CLANG_ENABLE_MODULES = YES;
				CLANG_ENABLE_OBJC_ARC = YES;
				CLANG_WARN_BLOCK_CAPTURE_AUTORELEASING = YES;
				CLANG_WARN_BOOL_CONVERSION = YES;
				CLANG_WARN_COMMA = YES;
				CLANG_WARN_CONSTANT_CONVERSION = YES;
				CLANG_WARN_DIRECT_OBJC_ISA_USAGE = YES_ERROR;
				CLANG_WARN_EMPTY_BODY = YES;
				CLANG_WARN_ENUM_CONVERSION = YES;
				CLANG_WARN_INFINITE_RECURSION = YES;
				CLANG_WARN_INT_CONVERSION = YES;
				CLANG_WARN_NON_LITERAL_NULL_CONVERSION = YES;
				CLANG_WARN_OBJC_LITERAL_CONVERSION = YES;
				CLANG_WARN_OBJC_ROOT_CLASS = YES_ERROR;
				CLANG_WARN_RANGE_LOOP_ANALYSIS = YES;
				CLANG_WARN_STRICT_PROTOTYPES = YES;
				CLANG_WARN_SUSPICIOUS_MOVE = YES;
				CLANG_WARN_UNREACHABLE_CODE = YES;
				CLANG_WARN__DUPLICATE_METHOD_MATCH = YES;
				COPY_PHASE_STRIP = NO;
				ENABLE_STRICT_OBJC_MSGSEND = YES;
				ENABLE_TESTABILITY = YES;
				GCC_C_LANGUAGE_STANDARD = gnu99;
				GCC_DYNAMIC_NO_PIC = NO;
				GCC_NO_COMMON_BLOCKS = YES;
				GCC_OPTIMIZATION_LEVEL = 0;
				GCC_PREPROCESSOR_DEFINITIONS = (
					"DEBUG=1",
					"$(inherited)",
				);
				GCC_SYMBOLS_PRIVATE_EXTERN = NO;
				GCC_WARN_64_TO_32_BIT_CONVERSION = YES;
				GCC_WARN_ABOUT_RETURN_TYPE = YES_ERROR;
				GCC_WARN_UNDECLARED_SELECTOR = YES;
				GCC_WARN_UNINITIALIZED_AUTOS = YES_AGGRESSIVE;
				GCC_WARN_UNUSED_FUNCTION = YES;
				GCC_WARN_UNUSED_VARIABLE = YES;
				MACOSX_DEPLOYMENT_TARGET = 10.12;
				MTL_ENABLE_DEBUG_INFO = YES;
				ONLY_ACTIVE_ARCH = YES;
				SDKROOT = macosx;
				SWIFT_OPTIMIZATION_LEVEL = "-Onone";
			};
			name = Debug;
		};
		9A2B1C9A19E7D9AC008E2646 /* Release */ = {
			isa = XCBuildConfiguration;
			buildSettings = {
				ALWAYS_SEARCH_USER_PATHS = NO;
				CLANG_CXX_LANGUAGE_STANDARD = "gnu++0x";
				CLANG_CXX_LIBRARY = "libc++";
				CLANG_ENABLE_MODULES = YES;
				CLANG_ENABLE_OBJC_ARC = YES;
				CLANG_WARN_BLOCK_CAPTURE_AUTORELEASING = YES;
				CLANG_WARN_BOOL_CONVERSION = YES;
				CLANG_WARN_COMMA = YES;
				CLANG_WARN_CONSTANT_CONVERSION = YES;
				CLANG_WARN_DIRECT_OBJC_ISA_USAGE = YES_ERROR;
				CLANG_WARN_EMPTY_BODY = YES;
				CLANG_WARN_ENUM_CONVERSION = YES;
				CLANG_WARN_INFINITE_RECURSION = YES;
				CLANG_WARN_INT_CONVERSION = YES;
				CLANG_WARN_NON_LITERAL_NULL_CONVERSION = YES;
				CLANG_WARN_OBJC_LITERAL_CONVERSION = YES;
				CLANG_WARN_OBJC_ROOT_CLASS = YES_ERROR;
				CLANG_WARN_RANGE_LOOP_ANALYSIS = YES;
				CLANG_WARN_STRICT_PROTOTYPES = YES;
				CLANG_WARN_SUSPICIOUS_MOVE = YES;
				CLANG_WARN_UNREACHABLE_CODE = YES;
				CLANG_WARN__DUPLICATE_METHOD_MATCH = YES;
				COPY_PHASE_STRIP = YES;
				DEBUG_INFORMATION_FORMAT = "dwarf-with-dsym";
				ENABLE_NS_ASSERTIONS = NO;
				ENABLE_STRICT_OBJC_MSGSEND = YES;
				GCC_C_LANGUAGE_STANDARD = gnu99;
				GCC_NO_COMMON_BLOCKS = YES;
				GCC_WARN_64_TO_32_BIT_CONVERSION = YES;
				GCC_WARN_ABOUT_RETURN_TYPE = YES_ERROR;
				GCC_WARN_UNDECLARED_SELECTOR = YES;
				GCC_WARN_UNINITIALIZED_AUTOS = YES_AGGRESSIVE;
				GCC_WARN_UNUSED_FUNCTION = YES;
				GCC_WARN_UNUSED_VARIABLE = YES;
				MACOSX_DEPLOYMENT_TARGET = 10.12;
				MTL_ENABLE_DEBUG_INFO = NO;
				SDKROOT = macosx;
				SWIFT_OPTIMIZATION_LEVEL = "-Owholemodule";
			};
			name = Release;
		};
		9A2B1C9C19E7D9AC008E2646 /* Debug */ = {
			isa = XCBuildConfiguration;
			buildSettings = {
				LD_RUNPATH_SEARCH_PATHS = .;
				PRODUCT_NAME = "$(TARGET_NAME)";
				SWIFT_SWIFT3_OBJC_INFERENCE = Default;
				SWIFT_VERSION = 4.0;
			};
			name = Debug;
		};
		9A2B1C9D19E7D9AC008E2646 /* Release */ = {
			isa = XCBuildConfiguration;
			buildSettings = {
				LD_RUNPATH_SEARCH_PATHS = .;
				PRODUCT_NAME = "$(TARGET_NAME)";
				SWIFT_SWIFT3_OBJC_INFERENCE = Default;
				SWIFT_VERSION = 4.0;
			};
			name = Release;
		};
/* End XCBuildConfiguration section */

/* Begin XCConfigurationList section */
		9A2B1C8F19E7D9AC008E2646 /* Build configuration list for PBXProject "Lexicographer" */ = {
			isa = XCConfigurationList;
			buildConfigurations = (
				9A2B1C9919E7D9AC008E2646 /* Debug */,
				9A2B1C9A19E7D9AC008E2646 /* Release */,
			);
			defaultConfigurationIsVisible = 0;
			defaultConfigurationName = Release;
		};
		9A2B1C9B19E7D9AC008E2646 /* Build configuration list for PBXNativeTarget "Lexicographer" */ = {
			isa = XCConfigurationList;
			buildConfigurations = (
				9A2B1C9C19E7D9AC008E2646 /* Debug */,
				9A2B1C9D19E7D9AC008E2646 /* Release */,
			);
			defaultConfigurationIsVisible = 0;
			defaultConfigurationName = Release;
		};
/* End XCConfigurationList section */
	};
	rootObject = 9A2B1C8C19E7D9AC008E2646 /* Project object */;
}
