// !$*UTF8*$!
{
	archiveVersion = 1;
	classes = {
	};
	objectVersion = 46;
	objects = {

/* Begin PBXBuildFile section */
		9A3FC21D19FA66EE00A8E432 /* Parser.swift in Sources */ = {isa = PBXBuildFile; fileRef = 9A3FC21C19FA66EE00A8E432 /* Parser.swift */; };
		9A5AB94F19F2386700B67080 /* Repository.h in Headers */ = {isa = PBXBuildFile; fileRef = 9A5AB94E19F2386700B67080 /* Repository.h */; settings = {ATTRIBUTES = (Public, ); }; };
		9A5AB95519F2386700B67080 /* Repository.framework in Frameworks */ = {isa = PBXBuildFile; fileRef = 9A5AB94919F2386700B67080 /* Repository.framework */; };
		9A5AB95C19F2386700B67080 /* RepositoryTests.swift in Sources */ = {isa = PBXBuildFile; fileRef = 9A5AB95B19F2386700B67080 /* RepositoryTests.swift */; };
		9A5AB97519F238A700B67080 /* Root.swift in Sources */ = {isa = PBXBuildFile; fileRef = 9A5AB96E19F238A700B67080 /* Root.swift */; };
		9A5AB97619F238A700B67080 /* MsgContent.swift in Sources */ = {isa = PBXBuildFile; fileRef = 9A5AB96F19F238A700B67080 /* MsgContent.swift */; };
		9A5AB97719F238A700B67080 /* Component.swift in Sources */ = {isa = PBXBuildFile; fileRef = 9A5AB97019F238A700B67080 /* Component.swift */; };
		9A5AB97819F238A700B67080 /* Message.swift in Sources */ = {isa = PBXBuildFile; fileRef = 9A5AB97119F238A700B67080 /* Message.swift */; };
		9A5AB97919F238A700B67080 /* Version.swift in Sources */ = {isa = PBXBuildFile; fileRef = 9A5AB97219F238A700B67080 /* Version.swift */; };
		9A5AB97A19F238A700B67080 /* Field.swift in Sources */ = {isa = PBXBuildFile; fileRef = 9A5AB97319F238A700B67080 /* Field.swift */; };
		9A5AB97B19F238A700B67080 /* Enum.swift in Sources */ = {isa = PBXBuildFile; fileRef = 9A5AB97419F238A700B67080 /* Enum.swift */; };
/* End PBXBuildFile section */

/* Begin PBXContainerItemProxy section */
		9A5AB95619F2386700B67080 /* PBXContainerItemProxy */ = {
			isa = PBXContainerItemProxy;
			containerPortal = 9A5AB94019F2386700B67080 /* Project object */;
			proxyType = 1;
			remoteGlobalIDString = 9A5AB94819F2386700B67080;
			remoteInfo = Repository;
		};
		9A8C96B319F3703C005C99AD /* PBXContainerItemProxy */ = {
			isa = PBXContainerItemProxy;
			containerPortal = 9AB6EA9319F36F23000EFC99 /* Common.xcodeproj */;
			proxyType = 2;
			remoteGlobalIDString = 9AB6EA7719F36F23000EFC99;
			remoteInfo = Common;
		};
		9A8C96B519F3703C005C99AD /* PBXContainerItemProxy */ = {
			isa = PBXContainerItemProxy;
			containerPortal = 9AB6EA9319F36F23000EFC99 /* Common.xcodeproj */;
			proxyType = 2;
			remoteGlobalIDString = 9AB6EA8219F36F23000EFC99;
			remoteInfo = CommonTests;
		};
		9A8C96C119F38132005C99AD /* PBXContainerItemProxy */ = {
			isa = PBXContainerItemProxy;
			containerPortal = 9AB6EA9319F36F23000EFC99 /* Common.xcodeproj */;
			proxyType = 1;
			remoteGlobalIDString = 9AB6EA7619F36F23000EFC99;
			remoteInfo = Common;
		};
/* End PBXContainerItemProxy section */

/* Begin PBXFileReference section */
		9A3FC21C19FA66EE00A8E432 /* Parser.swift */ = {isa = PBXFileReference; fileEncoding = 4; lastKnownFileType = sourcecode.swift; path = Parser.swift; sourceTree = "<group>"; };
		9A5AB94919F2386700B67080 /* Repository.framework */ = {isa = PBXFileReference; explicitFileType = wrapper.framework; includeInIndex = 0; path = Repository.framework; sourceTree = BUILT_PRODUCTS_DIR; };
		9A5AB94D19F2386700B67080 /* Info.plist */ = {isa = PBXFileReference; lastKnownFileType = text.plist.xml; path = Info.plist; sourceTree = "<group>"; };
		9A5AB94E19F2386700B67080 /* Repository.h */ = {isa = PBXFileReference; lastKnownFileType = sourcecode.c.h; path = Repository.h; sourceTree = "<group>"; };
		9A5AB95419F2386700B67080 /* RepositoryTests.xctest */ = {isa = PBXFileReference; explicitFileType = wrapper.cfbundle; includeInIndex = 0; path = RepositoryTests.xctest; sourceTree = BUILT_PRODUCTS_DIR; };
		9A5AB95A19F2386700B67080 /* Info.plist */ = {isa = PBXFileReference; lastKnownFileType = text.plist.xml; path = Info.plist; sourceTree = "<group>"; };
		9A5AB95B19F2386700B67080 /* RepositoryTests.swift */ = {isa = PBXFileReference; lastKnownFileType = sourcecode.swift; path = RepositoryTests.swift; sourceTree = "<group>"; };
		9A5AB96E19F238A700B67080 /* Root.swift */ = {isa = PBXFileReference; fileEncoding = 4; lastKnownFileType = sourcecode.swift; path = Root.swift; sourceTree = "<group>"; };
		9A5AB96F19F238A700B67080 /* MsgContent.swift */ = {isa = PBXFileReference; fileEncoding = 4; lastKnownFileType = sourcecode.swift; path = MsgContent.swift; sourceTree = "<group>"; };
		9A5AB97019F238A700B67080 /* Component.swift */ = {isa = PBXFileReference; fileEncoding = 4; lastKnownFileType = sourcecode.swift; path = Component.swift; sourceTree = "<group>"; };
		9A5AB97119F238A700B67080 /* Message.swift */ = {isa = PBXFileReference; fileEncoding = 4; lastKnownFileType = sourcecode.swift; path = Message.swift; sourceTree = "<group>"; };
		9A5AB97219F238A700B67080 /* Version.swift */ = {isa = PBXFileReference; fileEncoding = 4; lastKnownFileType = sourcecode.swift; path = Version.swift; sourceTree = "<group>"; };
		9A5AB97319F238A700B67080 /* Field.swift */ = {isa = PBXFileReference; fileEncoding = 4; lastKnownFileType = sourcecode.swift; path = Field.swift; sourceTree = "<group>"; };
		9A5AB97419F238A700B67080 /* Enum.swift */ = {isa = PBXFileReference; fileEncoding = 4; lastKnownFileType = sourcecode.swift; path = Enum.swift; sourceTree = "<group>"; };
		9AB6EA9319F36F23000EFC99 /* Common.xcodeproj */ = {isa = PBXFileReference; lastKnownFileType = "wrapper.pb-project"; name = Common.xcodeproj; path = ../Common/Common.xcodeproj; sourceTree = "<group>"; };
/* End PBXFileReference section */

/* Begin PBXFrameworksBuildPhase section */
		9A5AB94519F2386700B67080 /* Frameworks */ = {
			isa = PBXFrameworksBuildPhase;
			buildActionMask = 2147483647;
			files = (
			);
			runOnlyForDeploymentPostprocessing = 0;
		};
		9A5AB95119F2386700B67080 /* Frameworks */ = {
			isa = PBXFrameworksBuildPhase;
			buildActionMask = 2147483647;
			files = (
				9A5AB95519F2386700B67080 /* Repository.framework in Frameworks */,
			);
			runOnlyForDeploymentPostprocessing = 0;
		};
/* End PBXFrameworksBuildPhase section */

/* Begin PBXGroup section */
		9A5AB93F19F2386700B67080 = {
			isa = PBXGroup;
			children = (
				9AB6EA9319F36F23000EFC99 /* Common.xcodeproj */,
				9A5AB94B19F2386700B67080 /* Repository */,
				9A5AB95819F2386700B67080 /* RepositoryTests */,
				9A5AB94A19F2386700B67080 /* Products */,
			);
			sourceTree = "<group>";
		};
		9A5AB94A19F2386700B67080 /* Products */ = {
			isa = PBXGroup;
			children = (
				9A5AB94919F2386700B67080 /* Repository.framework */,
				9A5AB95419F2386700B67080 /* RepositoryTests.xctest */,
			);
			name = Products;
			sourceTree = "<group>";
		};
		9A5AB94B19F2386700B67080 /* Repository */ = {
			isa = PBXGroup;
			children = (
				9A3FC21C19FA66EE00A8E432 /* Parser.swift */,
				9A5AB96E19F238A700B67080 /* Root.swift */,
				9A5AB96F19F238A700B67080 /* MsgContent.swift */,
				9A5AB97019F238A700B67080 /* Component.swift */,
				9A5AB97119F238A700B67080 /* Message.swift */,
				9A5AB97219F238A700B67080 /* Version.swift */,
				9A5AB97319F238A700B67080 /* Field.swift */,
				9A5AB97419F238A700B67080 /* Enum.swift */,
				9A5AB94E19F2386700B67080 /* Repository.h */,
				9A5AB94C19F2386700B67080 /* Supporting Files */,
			);
			path = Repository;
			sourceTree = "<group>";
		};
		9A5AB94C19F2386700B67080 /* Supporting Files */ = {
			isa = PBXGroup;
			children = (
				9A5AB94D19F2386700B67080 /* Info.plist */,
			);
			name = "Supporting Files";
			sourceTree = "<group>";
		};
		9A5AB95819F2386700B67080 /* RepositoryTests */ = {
			isa = PBXGroup;
			children = (
				9A5AB95B19F2386700B67080 /* RepositoryTests.swift */,
				9A5AB95919F2386700B67080 /* Supporting Files */,
			);
			path = RepositoryTests;
			sourceTree = "<group>";
		};
		9A5AB95919F2386700B67080 /* Supporting Files */ = {
			isa = PBXGroup;
			children = (
				9A5AB95A19F2386700B67080 /* Info.plist */,
			);
			name = "Supporting Files";
			sourceTree = "<group>";
		};
		9A8C96AF19F3703C005C99AD /* Products */ = {
			isa = PBXGroup;
			children = (
				9A8C96B419F3703C005C99AD /* Common.framework */,
				9A8C96B619F3703C005C99AD /* CommonTests.xctest */,
			);
			name = Products;
			sourceTree = "<group>";
		};
/* End PBXGroup section */

/* Begin PBXHeadersBuildPhase section */
		9A5AB94619F2386700B67080 /* Headers */ = {
			isa = PBXHeadersBuildPhase;
			buildActionMask = 2147483647;
			files = (
				9A5AB94F19F2386700B67080 /* Repository.h in Headers */,
			);
			runOnlyForDeploymentPostprocessing = 0;
		};
/* End PBXHeadersBuildPhase section */

/* Begin PBXNativeTarget section */
		9A5AB94819F2386700B67080 /* Repository */ = {
			isa = PBXNativeTarget;
			buildConfigurationList = 9A5AB95F19F2386700B67080 /* Build configuration list for PBXNativeTarget "Repository" */;
			buildPhases = (
				9A5AB94419F2386700B67080 /* Sources */,
				9A5AB94519F2386700B67080 /* Frameworks */,
				9A5AB94619F2386700B67080 /* Headers */,
				9A5AB94719F2386700B67080 /* Resources */,
			);
			buildRules = (
			);
			dependencies = (
				9A8C96C219F38132005C99AD /* PBXTargetDependency */,
			);
			name = Repository;
			productName = Repository;
			productReference = 9A5AB94919F2386700B67080 /* Repository.framework */;
			productType = "com.apple.product-type.framework";
		};
		9A5AB95319F2386700B67080 /* RepositoryTests */ = {
			isa = PBXNativeTarget;
			buildConfigurationList = 9A5AB96219F2386700B67080 /* Build configuration list for PBXNativeTarget "RepositoryTests" */;
			buildPhases = (
				9A5AB95019F2386700B67080 /* Sources */,
				9A5AB95119F2386700B67080 /* Frameworks */,
				9A5AB95219F2386700B67080 /* Resources */,
			);
			buildRules = (
			);
			dependencies = (
				9A5AB95719F2386700B67080 /* PBXTargetDependency */,
			);
			name = RepositoryTests;
			productName = RepositoryTests;
			productReference = 9A5AB95419F2386700B67080 /* RepositoryTests.xctest */;
			productType = "com.apple.product-type.bundle.unit-test";
		};
/* End PBXNativeTarget section */

/* Begin PBXProject section */
		9A5AB94019F2386700B67080 /* Project object */ = {
			isa = PBXProject;
			attributes = {
				LastUpgradeCheck = 0610;
				ORGANIZATIONNAME = "Gary Hughes";
				TargetAttributes = {
					9A5AB94819F2386700B67080 = {
						CreatedOnToolsVersion = 6.1;
					};
					9A5AB95319F2386700B67080 = {
						CreatedOnToolsVersion = 6.1;
					};
				};
			};
			buildConfigurationList = 9A5AB94319F2386700B67080 /* Build configuration list for PBXProject "Repository" */;
			compatibilityVersion = "Xcode 3.2";
			developmentRegion = English;
			hasScannedForEncodings = 0;
			knownRegions = (
				en,
			);
			mainGroup = 9A5AB93F19F2386700B67080;
			productRefGroup = 9A5AB94A19F2386700B67080 /* Products */;
			projectDirPath = "";
			projectReferences = (
				{
					ProductGroup = 9A8C96AF19F3703C005C99AD /* Products */;
					ProjectRef = 9AB6EA9319F36F23000EFC99 /* Common.xcodeproj */;
				},
			);
			projectRoot = "";
			targets = (
				9A5AB94819F2386700B67080 /* Repository */,
				9A5AB95319F2386700B67080 /* RepositoryTests */,
			);
		};
/* End PBXProject section */

/* Begin PBXReferenceProxy section */
		9A8C96B419F3703C005C99AD /* Common.framework */ = {
			isa = PBXReferenceProxy;
			fileType = wrapper.framework;
			path = Common.framework;
			remoteRef = 9A8C96B319F3703C005C99AD /* PBXContainerItemProxy */;
			sourceTree = BUILT_PRODUCTS_DIR;
		};
		9A8C96B619F3703C005C99AD /* CommonTests.xctest */ = {
			isa = PBXReferenceProxy;
			fileType = wrapper.cfbundle;
			path = CommonTests.xctest;
			remoteRef = 9A8C96B519F3703C005C99AD /* PBXContainerItemProxy */;
			sourceTree = BUILT_PRODUCTS_DIR;
		};
/* End PBXReferenceProxy section */

/* Begin PBXResourcesBuildPhase section */
		9A5AB94719F2386700B67080 /* Resources */ = {
			isa = PBXResourcesBuildPhase;
			buildActionMask = 2147483647;
			files = (
			);
			runOnlyForDeploymentPostprocessing = 0;
		};
		9A5AB95219F2386700B67080 /* Resources */ = {
			isa = PBXResourcesBuildPhase;
			buildActionMask = 2147483647;
			files = (
			);
			runOnlyForDeploymentPostprocessing = 0;
		};
/* End PBXResourcesBuildPhase section */

/* Begin PBXSourcesBuildPhase section */
		9A5AB94419F2386700B67080 /* Sources */ = {
			isa = PBXSourcesBuildPhase;
			buildActionMask = 2147483647;
			files = (
				9A5AB97519F238A700B67080 /* Root.swift in Sources */,
				9A5AB97919F238A700B67080 /* Version.swift in Sources */,
				9A5AB97A19F238A700B67080 /* Field.swift in Sources */,
				9A5AB97819F238A700B67080 /* Message.swift in Sources */,
				9A3FC21D19FA66EE00A8E432 /* Parser.swift in Sources */,
				9A5AB97B19F238A700B67080 /* Enum.swift in Sources */,
				9A5AB97719F238A700B67080 /* Component.swift in Sources */,
				9A5AB97619F238A700B67080 /* MsgContent.swift in Sources */,
			);
			runOnlyForDeploymentPostprocessing = 0;
		};
		9A5AB95019F2386700B67080 /* Sources */ = {
			isa = PBXSourcesBuildPhase;
			buildActionMask = 2147483647;
			files = (
				9A5AB95C19F2386700B67080 /* RepositoryTests.swift in Sources */,
			);
			runOnlyForDeploymentPostprocessing = 0;
		};
/* End PBXSourcesBuildPhase section */

/* Begin PBXTargetDependency section */
		9A5AB95719F2386700B67080 /* PBXTargetDependency */ = {
			isa = PBXTargetDependency;
			target = 9A5AB94819F2386700B67080 /* Repository */;
			targetProxy = 9A5AB95619F2386700B67080 /* PBXContainerItemProxy */;
		};
		9A8C96C219F38132005C99AD /* PBXTargetDependency */ = {
			isa = PBXTargetDependency;
			name = Common;
			targetProxy = 9A8C96C119F38132005C99AD /* PBXContainerItemProxy */;
		};
/* End PBXTargetDependency section */

/* Begin XCBuildConfiguration section */
		9A5AB95D19F2386700B67080 /* Debug */ = {
			isa = XCBuildConfiguration;
			buildSettings = {
				ALWAYS_SEARCH_USER_PATHS = NO;
				CLANG_CXX_LANGUAGE_STANDARD = "gnu++0x";
				CLANG_CXX_LIBRARY = "libc++";
				CLANG_ENABLE_MODULES = YES;
				CLANG_ENABLE_OBJC_ARC = YES;
				CLANG_WARN_BOOL_CONVERSION = YES;
				CLANG_WARN_CONSTANT_CONVERSION = YES;
				CLANG_WARN_DIRECT_OBJC_ISA_USAGE = YES_ERROR;
				CLANG_WARN_EMPTY_BODY = YES;
				CLANG_WARN_ENUM_CONVERSION = YES;
				CLANG_WARN_INT_CONVERSION = YES;
				CLANG_WARN_OBJC_ROOT_CLASS = YES_ERROR;
				CLANG_WARN_UNREACHABLE_CODE = YES;
				CLANG_WARN__DUPLICATE_METHOD_MATCH = YES;
				COPY_PHASE_STRIP = NO;
				CURRENT_PROJECT_VERSION = 1;
				ENABLE_STRICT_OBJC_MSGSEND = YES;
				GCC_C_LANGUAGE_STANDARD = gnu99;
				GCC_DYNAMIC_NO_PIC = NO;
				GCC_OPTIMIZATION_LEVEL = 0;
				GCC_PREPROCESSOR_DEFINITIONS = (
					"DEBUG=1",
					"$(inherited)",
				);
				GCC_SYMBOLS_PRIVATE_EXTERN = NO;
				GCC_WARN_64_TO_32_BIT_CONVERSION = YES;
				GCC_WARN_ABOUT_RETURN_TYPE = YES_ERROR;
				GCC_WARN_UNDECLARED_SELECTOR = YES;
				GCC_WARN_UNINITIALIZED_AUTOS = YES_AGGRESSIVE;
				GCC_WARN_UNUSED_FUNCTION = YES;
				GCC_WARN_UNUSED_VARIABLE = YES;
				MACOSX_DEPLOYMENT_TARGET = 10.10;
				MTL_ENABLE_DEBUG_INFO = YES;
				ONLY_ACTIVE_ARCH = YES;
				SDKROOT = macosx;
				SWIFT_OPTIMIZATION_LEVEL = "-Onone";
				VERSIONING_SYSTEM = "apple-generic";
				VERSION_INFO_PREFIX = "";
			};
			name = Debug;
		};
		9A5AB95E19F2386700B67080 /* Release */ = {
			isa = XCBuildConfiguration;
			buildSettings = {
				ALWAYS_SEARCH_USER_PATHS = NO;
				CLANG_CXX_LANGUAGE_STANDARD = "gnu++0x";
				CLANG_CXX_LIBRARY = "libc++";
				CLANG_ENABLE_MODULES = YES;
				CLANG_ENABLE_OBJC_ARC = YES;
				CLANG_WARN_BOOL_CONVERSION = YES;
				CLANG_WARN_CONSTANT_CONVERSION = YES;
				CLANG_WARN_DIRECT_OBJC_ISA_USAGE = YES_ERROR;
				CLANG_WARN_EMPTY_BODY = YES;
				CLANG_WARN_ENUM_CONVERSION = YES;
				CLANG_WARN_INT_CONVERSION = YES;
				CLANG_WARN_OBJC_ROOT_CLASS = YES_ERROR;
				CLANG_WARN_UNREACHABLE_CODE = YES;
				CLANG_WARN__DUPLICATE_METHOD_MATCH = YES;
				COPY_PHASE_STRIP = YES;
				CURRENT_PROJECT_VERSION = 1;
				DEBUG_INFORMATION_FORMAT = "dwarf-with-dsym";
				ENABLE_NS_ASSERTIONS = NO;
				ENABLE_STRICT_OBJC_MSGSEND = YES;
				GCC_C_LANGUAGE_STANDARD = gnu99;
				GCC_WARN_64_TO_32_BIT_CONVERSION = YES;
				GCC_WARN_ABOUT_RETURN_TYPE = YES_ERROR;
				GCC_WARN_UNDECLARED_SELECTOR = YES;
				GCC_WARN_UNINITIALIZED_AUTOS = YES_AGGRESSIVE;
				GCC_WARN_UNUSED_FUNCTION = YES;
				GCC_WARN_UNUSED_VARIABLE = YES;
				MACOSX_DEPLOYMENT_TARGET = 10.10;
				MTL_ENABLE_DEBUG_INFO = NO;
				SDKROOT = macosx;
				VERSIONING_SYSTEM = "apple-generic";
				VERSION_INFO_PREFIX = "";
			};
			name = Release;
		};
		9A5AB96019F2386700B67080 /* Debug */ = {
			isa = XCBuildConfiguration;
			buildSettings = {
				COMBINE_HIDPI_IMAGES = YES;
				DEFINES_MODULE = YES;
				DYLIB_COMPATIBILITY_VERSION = 1;
				DYLIB_CURRENT_VERSION = 1;
				DYLIB_INSTALL_NAME_BASE = "@rpath";
				FRAMEWORK_VERSION = A;
				INFOPLIST_FILE = Repository/Info.plist;
				INSTALL_PATH = "$(LOCAL_LIBRARY_DIR)/Frameworks";
				LD_RUNPATH_SEARCH_PATHS = "$(inherited) @executable_path/../Frameworks @loader_path/Frameworks";
				PRODUCT_NAME = "$(TARGET_NAME)";
				SKIP_INSTALL = YES;
			};
			name = Debug;
		};
		9A5AB96119F2386700B67080 /* Release */ = {
			isa = XCBuildConfiguration;
			buildSettings = {
				COMBINE_HIDPI_IMAGES = YES;
				DEFINES_MODULE = YES;
				DYLIB_COMPATIBILITY_VERSION = 1;
				DYLIB_CURRENT_VERSION = 1;
				DYLIB_INSTALL_NAME_BASE = "@rpath";
				FRAMEWORK_VERSION = A;
				INFOPLIST_FILE = Repository/Info.plist;
				INSTALL_PATH = "$(LOCAL_LIBRARY_DIR)/Frameworks";
				LD_RUNPATH_SEARCH_PATHS = "$(inherited) @executable_path/../Frameworks @loader_path/Frameworks";
				PRODUCT_NAME = "$(TARGET_NAME)";
				SKIP_INSTALL = YES;
			};
			name = Release;
		};
		9A5AB96319F2386700B67080 /* Debug */ = {
			isa = XCBuildConfiguration;
			buildSettings = {
				COMBINE_HIDPI_IMAGES = YES;
				FRAMEWORK_SEARCH_PATHS = (
					"$(DEVELOPER_FRAMEWORKS_DIR)",
					"$(inherited)",
				);
				GCC_PREPROCESSOR_DEFINITIONS = (
					"DEBUG=1",
					"$(inherited)",
				);
				INFOPLIST_FILE = RepositoryTests/Info.plist;
				LD_RUNPATH_SEARCH_PATHS = "$(inherited) @executable_path/../Frameworks @loader_path/../Frameworks";
				PRODUCT_NAME = "$(TARGET_NAME)";
			};
			name = Debug;
		};
		9A5AB96419F2386700B67080 /* Release */ = {
			isa = XCBuildConfiguration;
			buildSettings = {
				COMBINE_HIDPI_IMAGES = YES;
				FRAMEWORK_SEARCH_PATHS = (
					"$(DEVELOPER_FRAMEWORKS_DIR)",
					"$(inherited)",
				);
				INFOPLIST_FILE = RepositoryTests/Info.plist;
				LD_RUNPATH_SEARCH_PATHS = "$(inherited) @executable_path/../Frameworks @loader_path/../Frameworks";
				PRODUCT_NAME = "$(TARGET_NAME)";
			};
			name = Release;
		};
/* End XCBuildConfiguration section */

/* Begin XCConfigurationList section */
		9A5AB94319F2386700B67080 /* Build configuration list for PBXProject "Repository" */ = {
			isa = XCConfigurationList;
			buildConfigurations = (
				9A5AB95D19F2386700B67080 /* Debug */,
				9A5AB95E19F2386700B67080 /* Release */,
			);
			defaultConfigurationIsVisible = 0;
			defaultConfigurationName = Release;
		};
		9A5AB95F19F2386700B67080 /* Build configuration list for PBXNativeTarget "Repository" */ = {
			isa = XCConfigurationList;
			buildConfigurations = (
				9A5AB96019F2386700B67080 /* Debug */,
				9A5AB96119F2386700B67080 /* Release */,
			);
			defaultConfigurationIsVisible = 0;
			defaultConfigurationName = Release;
		};
		9A5AB96219F2386700B67080 /* Build configuration list for PBXNativeTarget "RepositoryTests" */ = {
			isa = XCConfigurationList;
			buildConfigurations = (
				9A5AB96319F2386700B67080 /* Debug */,
				9A5AB96419F2386700B67080 /* Release */,
			);
			defaultConfigurationIsVisible = 0;
			defaultConfigurationName = Release;
		};
/* End XCConfigurationList section */
	};
	rootObject = 9A5AB94019F2386700B67080 /* Project object */;
}
